
Microsoft Visual Studio Solution File, Format Version 12.00
# Visual Studio 15
VisualStudioVersion = 15.0.28307.572
MinimumVisualStudioVersion = 10.0.40219.1
Project("{9A19103F-16F7-4668-BE54-9A1E7A4F7556}") = "spy-detection", "spy-detection\spy-detection.csproj", "{A71F3051-1BA3-4927-82FF-27B679F80E32}"
EndProject
Project("{FAE04EC0-301F-11D3-BF4B-00C04F79EFBC}") = "spy-detection.tests", "spy-detection.tests\spy-detection.tests.csproj", "{2DD5130F-3344-4BBA-8449-A98CD32755DA}"
EndProject
Global
	GlobalSection(SolutionConfigurationPlatforms) = preSolution
		Debug|Any CPU = Debug|Any CPU
		Release|Any CPU = Release|Any CPU
	EndGlobalSection
	GlobalSection(ProjectConfigurationPlatforms) = postSolution
		{A71F3051-1BA3-4927-82FF-27B679F80E32}.Debug|Any CPU.ActiveCfg = Debug|Any CPU
		{A71F3051-1BA3-4927-82FF-27B679F80E32}.Debug|Any CPU.Build.0 = Debug|Any CPU
		{A71F3051-1BA3-4927-82FF-27B679F80E32}.Release|Any CPU.ActiveCfg = Release|Any CPU
		{A71F3051-1BA3-4927-82FF-27B679F80E32}.Release|Any CPU.Build.0 = Release|Any CPU
		{2DD5130F-3344-4BBA-8449-A98CD32755DA}.Debug|Any CPU.ActiveCfg = Debug|Any CPU
		{2DD5130F-3344-4BBA-8449-A98CD32755DA}.Debug|Any CPU.Build.0 = Debug|Any CPU
		{2DD5130F-3344-4BBA-8449-A98CD32755DA}.Release|Any CPU.ActiveCfg = Release|Any CPU
		{2DD5130F-3344-4BBA-8449-A98CD32755DA}.Release|Any CPU.Build.0 = Release|Any CPU
	EndGlobalSection
	GlobalSection(SolutionProperties) = preSolution
		HideSolutionNode = FALSE
	EndGlobalSection
	GlobalSection(ExtensibilityGlobals) = postSolution
		SolutionGuid = {E9E8B019-5447-4BBD-B1EF-314E161BF0C2}
	EndGlobalSection
EndGlobal
